
Microsoft Visual Studio Solution File, Format Version 12.00
# Visual Studio Version 17
VisualStudioVersion = 17.14.36511.14
MinimumVisualStudioVersion = 10.0.40219.1
Project("{FAE04EC0-301F-11D3-BF4B-00C04F79EFBC}") = "BACKEND_CQRS.Domain", "BACKEND_CQRS.Domain\BACKEND_CQRS.Domain.csproj", "{9ED4EED0-73FE-408D-8D6B-74A337323E1D}"
EndProject
Project("{FAE04EC0-301F-11D3-BF4B-00C04F79EFBC}") = "BACKEND_CQRS.Infrastructure", "BACKEND_CQRS.Infrastructure\BACKEND_CQRS.Infrastructure.csproj", "{77AA1BFD-2354-4DEC-8640-7E29345B36FA}"
EndProject
Project("{FAE04EC0-301F-11D3-BF4B-00C04F79EFBC}") = "BACKEND_CQRS.Application", "BACKEND_CQRS.Application\BACKEND_CQRS.Application.csproj", "{6D0F8866-BA7E-42DF-AC5E-8D95A5653398}"
EndProject
Project("{FAE04EC0-301F-11D3-BF4B-00C04F79EFBC}") = "BACKEND_CQRS.Api", "BACKEND_CQRS.Api\BACKEND_CQRS.Api.csproj", "{446C3B9A-44B5-408B-8B0C-CA2098242E2A}"
EndProject
Global
	GlobalSection(SolutionConfigurationPlatforms) = preSolution
		Debug|Any CPU = Debug|Any CPU
		Release|Any CPU = Release|Any CPU
	EndGlobalSection
	GlobalSection(ProjectConfigurationPlatforms) = postSolution
		{9ED4EED0-73FE-408D-8D6B-74A337323E1D}.Debug|Any CPU.ActiveCfg = Debug|Any CPU
		{9ED4EED0-73FE-408D-8D6B-74A337323E1D}.Debug|Any CPU.Build.0 = Debug|Any CPU
		{9ED4EED0-73FE-408D-8D6B-74A337323E1D}.Release|Any CPU.ActiveCfg = Release|Any CPU
		{9ED4EED0-73FE-408D-8D6B-74A337323E1D}.Release|Any CPU.Build.0 = Release|Any CPU
		{77AA1BFD-2354-4DEC-8640-7E29345B36FA}.Debug|Any CPU.ActiveCfg = Debug|Any CPU
		{77AA1BFD-2354-4DEC-8640-7E29345B36FA}.Debug|Any CPU.Build.0 = Debug|Any CPU
		{77AA1BFD-2354-4DEC-8640-7E29345B36FA}.Release|Any CPU.ActiveCfg = Release|Any CPU
		{77AA1BFD-2354-4DEC-8640-7E29345B36FA}.Release|Any CPU.Build.0 = Release|Any CPU
		{6D0F8866-BA7E-42DF-AC5E-8D95A5653398}.Debug|Any CPU.ActiveCfg = Debug|Any CPU
		{6D0F8866-BA7E-42DF-AC5E-8D95A5653398}.Debug|Any CPU.Build.0 = Debug|Any CPU
		{6D0F8866-BA7E-42DF-AC5E-8D95A5653398}.Release|Any CPU.ActiveCfg = Release|Any CPU
		{6D0F8866-BA7E-42DF-AC5E-8D95A5653398}.Release|Any CPU.Build.0 = Release|Any CPU
		{446C3B9A-44B5-408B-8B0C-CA2098242E2A}.Debug|Any CPU.ActiveCfg = Debug|Any CPU
		{446C3B9A-44B5-408B-8B0C-CA2098242E2A}.Debug|Any CPU.Build.0 = Debug|Any CPU
		{446C3B9A-44B5-408B-8B0C-CA2098242E2A}.Release|Any CPU.ActiveCfg = Release|Any CPU
		{446C3B9A-44B5-408B-8B0C-CA2098242E2A}.Release|Any CPU.Build.0 = Release|Any CPU
	EndGlobalSection
	GlobalSection(SolutionProperties) = preSolution
		HideSolutionNode = FALSE
	EndGlobalSection
	GlobalSection(ExtensibilityGlobals) = postSolution
		SolutionGuid = {6EDEC987-B71A-4EFE-86AA-9AA0F36A4D23}
	EndGlobalSection
EndGlobal
